
Microsoft Visual Studio Solution File, Format Version 12.00
# Visual Studio 15
VisualStudioVersion = 15.0.26730.16
MinimumVisualStudioVersion = 10.0.40219.1
Project("{9A19103F-16F7-4668-BE54-9A1E7A4F7556}") = "Vostok.FrontReport", "Vostok.FrontReport\Vostok.FrontReport.csproj", "{EAD14B56-9AD3-4371-B5F2-F3CF86B5B0BD}"
EndProject
Global
	GlobalSection(SolutionConfigurationPlatforms) = preSolution
		Debug|Any CPU = Debug|Any CPU
		Release|Any CPU = Release|Any CPU
	EndGlobalSection
	GlobalSection(ProjectConfigurationPlatforms) = postSolution
		{EAD14B56-9AD3-4371-B5F2-F3CF86B5B0BD}.Debug|Any CPU.ActiveCfg = Debug|Any CPU
		{EAD14B56-9AD3-4371-B5F2-F3CF86B5B0BD}.Debug|Any CPU.Build.0 = Debug|Any CPU
		{EAD14B56-9AD3-4371-B5F2-F3CF86B5B0BD}.Release|Any CPU.ActiveCfg = Release|Any CPU
		{EAD14B56-9AD3-4371-B5F2-F3CF86B5B0BD}.Release|Any CPU.Build.0 = Release|Any CPU
	EndGlobalSection
	GlobalSection(SolutionProperties) = preSolution
		HideSolutionNode = FALSE
	EndGlobalSection
	GlobalSection(ExtensibilityGlobals) = postSolution
		SolutionGuid = {73b9cc5c-2d45-4a5b-8b5a-c1db910c1fa2}
	EndGlobalSection
EndGlobal
